lockfileVersion: '9.0'

settings:
  autoInstallPeers: false
  excludeLinksFromLockfile: false

importers:

  .:
    devDependencies:
      '@types/node':
        specifier: ^20.14.11
        version: 20.14.11
      '@weedzcokie/concurrent-cmd':
        specifier: ^0.2.1
        version: 0.2.1
      typescript:
        specifier: ^5.5.3
        version: 5.5.3

packages:

  '@types/node@20.14.11':
    resolution: {integrity: sha512-kprQpL8MMeszbz6ojB5/tU8PLN4kesnN8Gjzw349rDlNgsSzg90lAVj3llK99Dh7JON+t9AuscPPFW6mPbTnSA==}

  '@weedzcokie/concurrent-cmd@0.2.1':
    resolution: {integrity: sha512-Ifq+Wx817LuMa62EP8xA4j3ltZ/nWi9XlRSSBIIqUf8+ty7u29xIj5ubHJvZZx5w/ibagRwNOjwtkMG4XRdbXQ==}
    hasBin: true

  typescript@5.5.3:
    resolution: {integrity: sha512-/hreyEujaB0w76zKo6717l3L0o/qEUtRgdvUBvlkhoWeOVMjMuHNHk0BRBzikzuGDqNmPQbg5ifMEqsHLiIUcQ==}
    engines: {node: '>=14.17'}
    hasBin: true

  undici-types@5.26.5:
    resolution: {integrity: sha512-JlCMO+ehdEIKqlFxk6IfVoAUVmgz7cU7zD/h9XZ0qzeosSHmUJVOzSQvvYSYWXkFXC+IfLKSIffhv0sVZup6pA==}

snapshots:

  '@types/node@20.14.11':
    dependencies:
      undici-types: 5.26.5

  '@weedzcokie/concurrent-cmd@0.2.1': {}

  typescript@5.5.3: {}

  undici-types@5.26.5: {}
